
Microsoft Visual Studio Solution File, Format Version 12.00
# Visual Studio Version 16
VisualStudioVersion = 16.0.31112.23
MinimumVisualStudioVersion = 10.0.40219.1
Project("{9A19103F-16F7-4668-BE54-9A1E7A4F7556}") = "Kol1", "Kol1.csproj", "{7CBBB211-1F7A-4181-89A9-758DC5260A60}"
EndProject
Global
	GlobalSection(SolutionConfigurationPlatforms) = preSolution
		Debug|Any CPU = Debug|Any CPU
		Release|Any CPU = Release|Any CPU
	EndGlobalSection
	GlobalSection(ProjectConfigurationPlatforms) = postSolution
		{7CBBB211-1F7A-4181-89A9-758DC5260A60}.Debug|Any CPU.ActiveCfg = Debug|Any CPU
		{7CBBB211-1F7A-4181-89A9-758DC5260A60}.Debug|Any CPU.Build.0 = Debug|Any CPU
		{7CBBB211-1F7A-4181-89A9-758DC5260A60}.Release|Any CPU.ActiveCfg = Release|Any CPU
		{7CBBB211-1F7A-4181-89A9-758DC5260A60}.Release|Any CPU.Build.0 = Release|Any CPU
	EndGlobalSection
	GlobalSection(SolutionProperties) = preSolution
		HideSolutionNode = FALSE
	EndGlobalSection
	GlobalSection(ExtensibilityGlobals) = postSolution
		SolutionGuid = {E896FB40-8DDF-4897-913A-F5C73031DEBA}
	EndGlobalSection
EndGlobal
